
Microsoft Visual Studio Solution File, Format Version 12.00
# Visual Studio 15
VisualStudioVersion = 15.0.28010.2046
MinimumVisualStudioVersion = 10.0.40219.1
Project("{FAE04EC0-301F-11D3-BF4B-00C04F79EFBC}") = "BlazorDemo", "BlazorDemo\BlazorDemo.csproj", "{9511C676-07D7-4F9F-A6BB-FDC4B6428536}"
EndProject
Global
	GlobalSection(SolutionConfigurationPlatforms) = preSolution
		Debug|Any CPU = Debug|Any CPU
		Release|Any CPU = Release|Any CPU
	EndGlobalSection
	GlobalSection(ProjectConfigurationPlatforms) = postSolution
		{9511C676-07D7-4F9F-A6BB-FDC4B6428536}.Debug|Any CPU.ActiveCfg = Debug|Any CPU
		{9511C676-07D7-4F9F-A6BB-FDC4B6428536}.Debug|Any CPU.Build.0 = Debug|Any CPU
		{9511C676-07D7-4F9F-A6BB-FDC4B6428536}.Release|Any CPU.ActiveCfg = Release|Any CPU
		{9511C676-07D7-4F9F-A6BB-FDC4B6428536}.Release|Any CPU.Build.0 = Release|Any CPU
	EndGlobalSection
	GlobalSection(SolutionProperties) = preSolution
		HideSolutionNode = FALSE
	EndGlobalSection
	GlobalSection(ExtensibilityGlobals) = postSolution
		SolutionGuid = {406B6DA3-A6FE-4532-8D23-821A94411504}
	EndGlobalSection
EndGlobal
